
Microsoft Visual Studio Solution File, Format Version 12.00
# Visual Studio Version 17
VisualStudioVersion = 17.5.002.0
MinimumVisualStudioVersion = 10.0.40219.1
Project("{9A19103F-16F7-4668-BE54-9A1E7A4F7556}") = "aulas", "aulas\aulas.csproj", "{AE64B90B-D126-444F-8874-5CB528AC4E16}"
EndProject
Global
	GlobalSection(SolutionConfigurationPlatforms) = preSolution
		Debug|Any CPU = Debug|Any CPU
		Release|Any CPU = Release|Any CPU
	EndGlobalSection
	GlobalSection(ProjectConfigurationPlatforms) = postSolution
		{AE64B90B-D126-444F-8874-5CB528AC4E16}.Debug|Any CPU.ActiveCfg = Debug|Any CPU
		{AE64B90B-D126-444F-8874-5CB528AC4E16}.Debug|Any CPU.Build.0 = Debug|Any CPU
		{AE64B90B-D126-444F-8874-5CB528AC4E16}.Release|Any CPU.ActiveCfg = Release|Any CPU
		{AE64B90B-D126-444F-8874-5CB528AC4E16}.Release|Any CPU.Build.0 = Release|Any CPU
	EndGlobalSection
	GlobalSection(SolutionProperties) = preSolution
		HideSolutionNode = FALSE
	EndGlobalSection
	GlobalSection(ExtensibilityGlobals) = postSolution
		SolutionGuid = {23F0157A-F5C9-4E56-AAD5-F399728E9E06}
	EndGlobalSection
EndGlobal
